
Microsoft Visual Studio Solution File, Format Version 12.00
# Visual Studio 15
VisualStudioVersion = 15.0.27428.2037
MinimumVisualStudioVersion = 10.0.40219.1
Project("{FAE04EC0-301F-11D3-BF4B-00C04F79EFBC}") = "FoundaryMediaPlayer", "FoundaryMediaPlayer\FoundaryMediaPlayer.csproj", "{0459FC33-AFC4-4807-8686-2B79E9108C8C}"
EndProject
Global
	GlobalSection(SolutionConfigurationPlatforms) = preSolution
		Debug|x64 = Debug|x64
		Debug|x86 = Debug|x86
		Release|x64 = Release|x64
		Release|x86 = Release|x86
	EndGlobalSection
	GlobalSection(ProjectConfigurationPlatforms) = postSolution
		{0459FC33-AFC4-4807-8686-2B79E9108C8C}.Debug|x64.ActiveCfg = Debug|x64
		{0459FC33-AFC4-4807-8686-2B79E9108C8C}.Debug|x64.Build.0 = Debug|x64
		{0459FC33-AFC4-4807-8686-2B79E9108C8C}.Debug|x86.ActiveCfg = Debug|x86
		{0459FC33-AFC4-4807-8686-2B79E9108C8C}.Debug|x86.Build.0 = Debug|x86
		{0459FC33-AFC4-4807-8686-2B79E9108C8C}.Release|x64.ActiveCfg = Release|x64
		{0459FC33-AFC4-4807-8686-2B79E9108C8C}.Release|x64.Build.0 = Release|x64
		{0459FC33-AFC4-4807-8686-2B79E9108C8C}.Release|x86.ActiveCfg = Release|x86
		{0459FC33-AFC4-4807-8686-2B79E9108C8C}.Release|x86.Build.0 = Release|x86
	EndGlobalSection
	GlobalSection(SolutionProperties) = preSolution
		HideSolutionNode = FALSE
	EndGlobalSection
	GlobalSection(ExtensibilityGlobals) = postSolution
		SolutionGuid = {E501F663-7593-49F8-8CCF-E3A61613C2D1}
	EndGlobalSection
EndGlobal
